
Microsoft Visual Studio Solution File, Format Version 12.00
# Visual Studio 15
Project("{FAE04EC0-301F-11D3-BF4B-00C04F79EFBC}") = "Assembly-CSharp", "Assembly-CSharp.csproj", "{A6C93147-B202-CEFC-4F57-022925DCD49C}"
EndProject
Project("{FAE04EC0-301F-11D3-BF4B-00C04F79EFBC}") = "Assembly-CSharp-firstpass", "Assembly-CSharp-firstpass.csproj", "{D786F89C-EC77-4B5D-EAFC-08DBD22BAB19}"
EndProject
Global
	GlobalSection(SolutionConfigurationPlatforms) = preSolution
		Debug|Any CPU = Debug|Any CPU
		Release|Any CPU = Release|Any CPU
	EndGlobalSection
	GlobalSection(ProjectConfigurationPlatforms) = postSolution
		{A6C93147-B202-CEFC-4F57-022925DCD49C}.Debug|Any CPU.ActiveCfg = Debug|Any CPU
		{A6C93147-B202-CEFC-4F57-022925DCD49C}.Debug|Any CPU.Build.0 = Debug|Any CPU
		{A6C93147-B202-CEFC-4F57-022925DCD49C}.Release|Any CPU.ActiveCfg = Release|Any CPU
		{A6C93147-B202-CEFC-4F57-022925DCD49C}.Release|Any CPU.Build.0 = Release|Any CPU
		{D786F89C-EC77-4B5D-EAFC-08DBD22BAB19}.Debug|Any CPU.ActiveCfg = Debug|Any CPU
		{D786F89C-EC77-4B5D-EAFC-08DBD22BAB19}.Debug|Any CPU.Build.0 = Debug|Any CPU
		{D786F89C-EC77-4B5D-EAFC-08DBD22BAB19}.Release|Any CPU.ActiveCfg = Release|Any CPU
		{D786F89C-EC77-4B5D-EAFC-08DBD22BAB19}.Release|Any CPU.Build.0 = Release|Any CPU
	EndGlobalSection
	GlobalSection(SolutionProperties) = preSolution
		HideSolutionNode = FALSE
	EndGlobalSection
EndGlobal
